
Microsoft Visual Studio Solution File, Format Version 12.00
# Visual Studio 15
VisualStudioVersion = 15.0.28307.572
MinimumVisualStudioVersion = 10.0.40219.1
Project("{FAE04EC0-301F-11D3-BF4B-00C04F79EFBC}") = "WpfSerialPort", "WpfSerialPort\WpfSerialPort.csproj", "{A18262E7-468A-4B9C-A10C-0E3AA493B3A4}"
EndProject
Project("{8BC9CEB8-8B4A-11D0-8D11-00A0C91BC942}") = "Analog2SerialMidi", "Analog2SerialMidi\Analog2SerialMidi.vcxproj", "{C5F80730-F44F-4478-BDAE-6634EFC2CA88}"
EndProject
Project("{FAE04EC0-301F-11D3-BF4B-00C04F79EFBC}") = "ConsoleSerial", "ConsoleSerial\ConsoleSerial.csproj", "{F6FE788C-7E60-4468-976C-7EEF0B031BF6}"
EndProject
Project("{FAE04EC0-301F-11D3-BF4B-00C04F79EFBC}") = "WpfAppBind", "WpfAppBind\WpfAppBind.csproj", "{6B035B35-66CF-495D-B6A4-4EFD50587C3E}"
EndProject
Project("{2150E333-8FDC-42A3-9474-1A3956D46DE8}") = "Solution Items", "Solution Items", "{0A4971D3-5641-4B33-9569-249BEE1A0EF9}"
	ProjectSection(SolutionItems) = preProject
		Readme.md = Readme.md
	EndProjectSection
EndProject
Project("{8BC9CEB8-8B4A-11D0-8D11-00A0C91BC942}") = "mididemo", "mididemo\mididemo.vcxproj", "{1EB63D76-14EF-41D1-9B10-F1C35116458F}"
EndProject
Global
	GlobalSection(SolutionConfigurationPlatforms) = preSolution
		Debug|Any CPU = Debug|Any CPU
		Debug|x86 = Debug|x86
		Release|Any CPU = Release|Any CPU
		Release|x86 = Release|x86
	EndGlobalSection
	GlobalSection(ProjectConfigurationPlatforms) = postSolution
		{A18262E7-468A-4B9C-A10C-0E3AA493B3A4}.Debug|Any CPU.ActiveCfg = Debug|Any CPU
		{A18262E7-468A-4B9C-A10C-0E3AA493B3A4}.Debug|Any CPU.Build.0 = Debug|Any CPU
		{A18262E7-468A-4B9C-A10C-0E3AA493B3A4}.Debug|x86.ActiveCfg = Debug|Any CPU
		{A18262E7-468A-4B9C-A10C-0E3AA493B3A4}.Debug|x86.Build.0 = Debug|Any CPU
		{A18262E7-468A-4B9C-A10C-0E3AA493B3A4}.Release|Any CPU.ActiveCfg = Release|Any CPU
		{A18262E7-468A-4B9C-A10C-0E3AA493B3A4}.Release|Any CPU.Build.0 = Release|Any CPU
		{A18262E7-468A-4B9C-A10C-0E3AA493B3A4}.Release|x86.ActiveCfg = Release|Any CPU
		{A18262E7-468A-4B9C-A10C-0E3AA493B3A4}.Release|x86.Build.0 = Release|Any CPU
		{C5F80730-F44F-4478-BDAE-6634EFC2CA88}.Debug|Any CPU.ActiveCfg = Debug|Win32
		{C5F80730-F44F-4478-BDAE-6634EFC2CA88}.Debug|x86.ActiveCfg = Debug|Win32
		{C5F80730-F44F-4478-BDAE-6634EFC2CA88}.Debug|x86.Build.0 = Debug|Win32
		{C5F80730-F44F-4478-BDAE-6634EFC2CA88}.Release|Any CPU.ActiveCfg = Release|Win32
		{C5F80730-F44F-4478-BDAE-6634EFC2CA88}.Release|x86.ActiveCfg = Release|Win32
		{C5F80730-F44F-4478-BDAE-6634EFC2CA88}.Release|x86.Build.0 = Release|Win32
		{F6FE788C-7E60-4468-976C-7EEF0B031BF6}.Debug|Any CPU.ActiveCfg = Debug|Any CPU
		{F6FE788C-7E60-4468-976C-7EEF0B031BF6}.Debug|Any CPU.Build.0 = Debug|Any CPU
		{F6FE788C-7E60-4468-976C-7EEF0B031BF6}.Debug|x86.ActiveCfg = Debug|Any CPU
		{F6FE788C-7E60-4468-976C-7EEF0B031BF6}.Debug|x86.Build.0 = Debug|Any CPU
		{F6FE788C-7E60-4468-976C-7EEF0B031BF6}.Release|Any CPU.ActiveCfg = Release|Any CPU
		{F6FE788C-7E60-4468-976C-7EEF0B031BF6}.Release|Any CPU.Build.0 = Release|Any CPU
		{F6FE788C-7E60-4468-976C-7EEF0B031BF6}.Release|x86.ActiveCfg = Release|Any CPU
		{F6FE788C-7E60-4468-976C-7EEF0B031BF6}.Release|x86.Build.0 = Release|Any CPU
		{6B035B35-66CF-495D-B6A4-4EFD50587C3E}.Debug|Any CPU.ActiveCfg = Debug|Any CPU
		{6B035B35-66CF-495D-B6A4-4EFD50587C3E}.Debug|Any CPU.Build.0 = Debug|Any CPU
		{6B035B35-66CF-495D-B6A4-4EFD50587C3E}.Debug|x86.ActiveCfg = Debug|Any CPU
		{6B035B35-66CF-495D-B6A4-4EFD50587C3E}.Debug|x86.Build.0 = Debug|Any CPU
		{6B035B35-66CF-495D-B6A4-4EFD50587C3E}.Release|Any CPU.ActiveCfg = Release|Any CPU
		{6B035B35-66CF-495D-B6A4-4EFD50587C3E}.Release|Any CPU.Build.0 = Release|Any CPU
		{6B035B35-66CF-495D-B6A4-4EFD50587C3E}.Release|x86.ActiveCfg = Release|Any CPU
		{6B035B35-66CF-495D-B6A4-4EFD50587C3E}.Release|x86.Build.0 = Release|Any CPU
		{1EB63D76-14EF-41D1-9B10-F1C35116458F}.Debug|Any CPU.ActiveCfg = Debug|Win32
		{1EB63D76-14EF-41D1-9B10-F1C35116458F}.Debug|x86.ActiveCfg = Debug|Win32
		{1EB63D76-14EF-41D1-9B10-F1C35116458F}.Debug|x86.Build.0 = Debug|Win32
		{1EB63D76-14EF-41D1-9B10-F1C35116458F}.Release|Any CPU.ActiveCfg = Release|Win32
		{1EB63D76-14EF-41D1-9B10-F1C35116458F}.Release|x86.ActiveCfg = Release|Win32
		{1EB63D76-14EF-41D1-9B10-F1C35116458F}.Release|x86.Build.0 = Release|Win32
	EndGlobalSection
	GlobalSection(SolutionProperties) = preSolution
		HideSolutionNode = FALSE
	EndGlobalSection
	GlobalSection(ExtensibilityGlobals) = postSolution
		SolutionGuid = {C6AA620C-3DC6-4A01-8A36-8AACFE5F39E3}
	EndGlobalSection
EndGlobal
